
Microsoft Visual Studio Solution File, Format Version 12.00
# Visual Studio Version 16
VisualStudioVersion = 16.0.30114.105
MinimumVisualStudioVersion = 10.0.40219.1
Project("{FAE04EC0-301F-11D3-BF4B-00C04F79EFBC}") = "QA_Proj", "QA_Proj\QA_Proj.csproj", "{098E38F2-0289-46E8-B6E6-6683CF8FC037}"
EndProject
Global
	GlobalSection(SolutionConfigurationPlatforms) = preSolution
		Debug|Any CPU = Debug|Any CPU
		Release|Any CPU = Release|Any CPU
	EndGlobalSection
	GlobalSection(ProjectConfigurationPlatforms) = postSolution
		{098E38F2-0289-46E8-B6E6-6683CF8FC037}.Debug|Any CPU.ActiveCfg = Debug|Any CPU
		{098E38F2-0289-46E8-B6E6-6683CF8FC037}.Debug|Any CPU.Build.0 = Debug|Any CPU
		{098E38F2-0289-46E8-B6E6-6683CF8FC037}.Release|Any CPU.ActiveCfg = Release|Any CPU
		{098E38F2-0289-46E8-B6E6-6683CF8FC037}.Release|Any CPU.Build.0 = Release|Any CPU
	EndGlobalSection
	GlobalSection(SolutionProperties) = preSolution
		HideSolutionNode = FALSE
	EndGlobalSection
	GlobalSection(ExtensibilityGlobals) = postSolution
		SolutionGuid = {21BAA39E-C568-453E-915A-C7F92FF2ABB2}
	EndGlobalSection
EndGlobal
